// !$*UTF8*$!
{
	archiveVersion = 1;
	classes = {
	};
	objectVersion = 46;
	objects = {

/* Begin PBXBuildFile section */
		4075C82B1D7ACDF60088CAD4 /* main.m in Sources */ = {isa = PBXBuildFile; fileRef = 4075C82A1D7ACDF60088CAD4 /* main.m */; };
		4075C82E1D7ACDF60088CAD4 /* AppDelegate.m in Sources */ = {isa = PBXBuildFile; fileRef = 4075C82D1D7ACDF60088CAD4 /* AppDelegate.m */; };
		4075C8311D7ACDF60088CAD4 /* ViewController.m in Sources */ = {isa = PBXBuildFile; fileRef = 4075C8301D7ACDF60088CAD4 /* ViewController.m */; };
		4075C8341D7ACDF60088CAD4 /* Main.storyboard in Resources */ = {isa = PBXBuildFile; fileRef = 4075C8321D7ACDF60088CAD4 /* Main.storyboard */; };
		4075C8361D7ACDF60088CAD4 /* Assets.xcassets in Resources */ = {isa = PBXBuildFile; fileRef = 4075C8351D7ACDF60088CAD4 /* Assets.xcassets */; };
		4075C8391D7ACDF60088CAD4 /* LaunchScreen.storyboard in Resources */ = {isa = PBXBuildFile; fileRef = 4075C8371D7ACDF60088CAD4 /* LaunchScreen.storyboard */; };
		4075C8421D7ACF330088CAD4 /* PPTCollectionViewCircleLayout.m in Sources */ = {isa = PBXBuildFile; fileRef = 4075C8411D7ACF330088CAD4 /* PPTCollectionViewCircleLayout.m */; };
/* End PBXBuildFile section */

/* Begin PBXFileReference section */
		4075C8261D7ACDF60088CAD4 /* collectionViewLayout.app */ = {isa = PBXFileReference; explicitFileType = wrapper.application; includeInIndex = 0; path = collectionViewLayout.app; sourceTree = BUILT_PRODUCTS_DIR; };
		4075C82A1D7ACDF60088CAD4 /* main.m */ = {isa = PBXFileReference; lastKnownFileType = sourcecode.c.objc; path = main.m; sourceTree = "<group>"; };
		4075C82C1D7ACDF60088CAD4 /* AppDelegate.h */ = {isa = PBXFileReference; lastKnownFileType = sourcecode.c.h; path = AppDelegate.h; sourceTree = "<group>"; };
		4075C82D1D7ACDF60088CAD4 /* AppDelegate.m */ = {isa = PBXFileReference; lastKnownFileType = sourcecode.c.objc; path = AppDelegate.m; sourceTree = "<group>"; };
		4075C82F1D7ACDF60088CAD4 /* ViewController.h */ = {isa = PBXFileReference; lastKnownFileType = sourcecode.c.h; path = ViewController.h; sourceTree = "<group>"; };
		4075C8301D7ACDF60088CAD4 /* ViewController.m */ = {isa = PBXFileReference; lastKnownFileType = sourcecode.c.objc; path = ViewController.m; sourceTree = "<group>"; };
		4075C8331D7ACDF60088CAD4 /* Base */ = {isa = PBXFileReference; lastKnownFileType = file.storyboard; name = Base; path = Base.lproj/Main.storyboard; sourceTree = "<group>"; };
		4075C8351D7ACDF60088CAD4 /* Assets.xcassets */ = {isa = PBXFileReference; lastKnownFileType = folder.assetcatalog; path = Assets.xcassets; sourceTree = "<group>"; };
		4075C8381D7ACDF60088CAD4 /* Base */ = {isa = PBXFileReference; lastKnownFileType = file.storyboard; name = Base; path = Base.lproj/LaunchScreen.storyboard; sourceTree = "<group>"; };
		4075C83A1D7ACDF60088CAD4 /* Info.plist */ = {isa = PBXFileReference; lastKnownFileType = text.plist.xml; path = Info.plist; sourceTree = "<group>"; };
		4075C8401D7ACF330088CAD4 /* PPTCollectionViewCircleLayout.h */ = {isa = PBXFileReference; fileEncoding = 4; lastKnownFileType = sourcecode.c.h; path = PPTCollectionViewCircleLayout.h; sourceTree = "<group>"; };
		4075C8411D7ACF330088CAD4 /* PPTCollectionViewCircleLayout.m */ = {isa = PBXFileReference; fileEncoding = 4; lastKnownFileType = sourcecode.c.objc; path = PPTCollectionViewCircleLayout.m; sourceTree = "<group>"; };
/* End PBXFileReference section */

/* Begin PBXFrameworksBuildPhase section */
		4075C8231D7ACDF60088CAD4 /* Frameworks */ = {
			isa = PBXFrameworksBuildPhase;
			buildActionMask = 2147483647;
			files = (
			);
			runOnlyForDeploymentPostprocessing = 0;
		};
/* End PBXFrameworksBuildPhase section */

/* Begin PBXGroup section */
		4075C81D1D7ACDF60088CAD4 = {
			isa = PBXGroup;
			children = (
				4075C8281D7ACDF60088CAD4 /* collectionViewLayout */,
				4075C8271D7ACDF60088CAD4 /* Products */,
			);
			sourceTree = "<group>";
		};
		4075C8271D7ACDF60088CAD4 /* Products */ = {
			isa = PBXGroup;
			children = (
				4075C8261D7ACDF60088CAD4 /* collectionViewLayout.app */,
			);
			name = Products;
			sourceTree = "<group>";
		};
		4075C8281D7ACDF60088CAD4 /* collectionViewLayout */ = {
			isa = PBXGroup;
			children = (
				4075C8401D7ACF330088CAD4 /* PPTCollectionViewCircleLayout.h */,
				4075C8411D7ACF330088CAD4 /* PPTCollectionViewCircleLayout.m */,
				4075C82C1D7ACDF60088CAD4 /* AppDelegate.h */,
				4075C82D1D7ACDF60088CAD4 /* AppDelegate.m */,
				4075C82F1D7ACDF60088CAD4 /* ViewController.h */,
				4075C8301D7ACDF60088CAD4 /* ViewController.m */,
				4075C8321D7ACDF60088CAD4 /* Main.storyboard */,
				4075C8351D7ACDF60088CAD4 /* Assets.xcassets */,
				4075C8371D7ACDF60088CAD4 /* LaunchScreen.storyboard */,
				4075C83A1D7ACDF60088CAD4 /* Info.plist */,
				4075C8291D7ACDF60088CAD4 /* Supporting Files */,
			);
			path = collectionViewLayout;
			sourceTree = "<group>";
		};
		4075C8291D7ACDF60088CAD4 /* Supporting Files */ = {
			isa = PBXGroup;
			children = (
				4075C82A1D7ACDF60088CAD4 /* main.m */,
			);
			name = "Supporting Files";
			sourceTree = "<group>";
		};
/* End PBXGroup section */

/* Begin PBXNativeTarget section */
		4075C8251D7ACDF60088CAD4 /* collectionViewLayout */ = {
			isa = PBXNativeTarget;
			buildConfigurationList = 4075C83D1D7ACDF60088CAD4 /* Build configuration list for PBXNativeTarget "collectionViewLayout" */;
			buildPhases = (
				4075C8221D7ACDF60088CAD4 /* Sources */,
				4075C8231D7ACDF60088CAD4 /* Frameworks */,
				4075C8241D7ACDF60088CAD4 /* Resources */,
			);
			buildRules = (
			);
			dependencies = (
			);
			name = collectionViewLayout;
			productName = collectionViewLayout;
			productReference = 4075C8261D7ACDF60088CAD4 /* collectionViewLayout.app */;
			productType = "com.apple.product-type.application";
		};
/* End PBXNativeTarget section */

/* Begin PBXProject section */
		4075C81E1D7ACDF60088CAD4 /* Project object */ = {
			isa = PBXProject;
			attributes = {
				LastUpgradeCheck = 0730;
				ORGANIZATIONNAME = Susu;
				TargetAttributes = {
					4075C8251D7ACDF60088CAD4 = {
						CreatedOnToolsVersion = 7.3.1;
					};
				};
			};
			buildConfigurationList = 4075C8211D7ACDF60088CAD4 /* Build configuration list for PBXProject "collectionViewLayout" */;
			compatibilityVersion = "Xcode 3.2";
			developmentRegion = English;
			hasScannedForEncodings = 0;
			knownRegions = (
				en,
				Base,
			);
			mainGroup = 4075C81D1D7ACDF60088CAD4;
			productRefGroup = 4075C8271D7ACDF60088CAD4 /* Products */;
			projectDirPath = "";
			projectRoot = "";
			targets = (
				4075C8251D7ACDF60088CAD4 /* collectionViewLayout */,
			);
		};
/* End PBXProject section */

/* Begin PBXResourcesBuildPhase section */
		4075C8241D7ACDF60088CAD4 /* Resources */ = {
			isa = PBXResourcesBuildPhase;
			buildActionMask = 2147483647;
			files = (
				4075C8391D7ACDF60088CAD4 /* LaunchScreen.storyboard in Resources */,
				4075C8361D7ACDF60088CAD4 /* Assets.xcassets in Resources */,
				4075C8341D7ACDF60088CAD4 /* Main.storyboard in Resources */,
			);
			runOnlyForDeploymentPostprocessing = 0;
		};
/* End PBXResourcesBuildPhase section */

/* Begin PBXSourcesBuildPhase section */
		4075C8221D7ACDF60088CAD4 /* Sources */ = {
			isa = PBXSourcesBuildPhase;
			buildActionMask = 2147483647;
			files = (
				4075C8311D7ACDF60088CAD4 /* ViewController.m in Sources */,
				4075C8421D7ACF330088CAD4 /* PPTCollectionViewCircleLayout.m in Sources */,
				4075C82E1D7ACDF60088CAD4 /* AppDelegate.m in Sources */,
				4075C82B1D7ACDF60088CAD4 /* main.m in Sources */,
			);
			runOnlyForDeploymentPostprocessing = 0;
		};
/* End PBXSourcesBuildPhase section */

/* Begin PBXVariantGroup section */
		4075C8321D7ACDF60088CAD4 /* Main.storyboard */ = {
			isa = PBXVariantGroup;
			children = (
				4075C8331D7ACDF60088CAD4 /* Base */,
			);
			name = Main.storyboard;
			sourceTree = "<group>";
		};
		4075C8371D7ACDF60088CAD4 /* LaunchScreen.storyboard */ = {
			isa = PBXVariantGroup;
			children = (
				4075C8381D7ACDF60088CAD4 /* Base */,
			);
			name = LaunchScreen.storyboard;
			sourceTree = "<group>";
		};
/* End PBXVariantGroup section */

/* Begin XCBuildConfiguration section */
		4075C83B1D7ACDF60088CAD4 /* Debug */ = {
			isa = XCBuildConfiguration;
			buildSettings = {
				ALWAYS_SEARCH_USER_PATHS = NO;
				CLANG_ANALYZER_NONNULL = YES;
				CLANG_CXX_LANGUAGE_STANDARD = "gnu++0x";
				CLANG_CXX_LIBRARY = "libc++";
				CLANG_ENABLE_MODULES = YES;
				CLANG_ENABLE_OBJC_ARC = YES;
				CLANG_WARN_BOOL_CONVERSION = YES;
				CLANG_WARN_CONSTANT_CONVERSION = YES;
				CLANG_WARN_DIRECT_OBJC_ISA_USAGE = YES_ERROR;
				CLANG_WARN_EMPTY_BODY = YES;
				CLANG_WARN_ENUM_CONVERSION = YES;
				CLANG_WARN_INT_CONVERSION = YES;
				CLANG_WARN_OBJC_ROOT_CLASS = YES_ERROR;
				CLANG_WARN_UNREACHABLE_CODE = YES;
				CLANG_WARN__DUPLICATE_METHOD_MATCH = YES;
				"CODE_SIGN_IDENTITY[sdk=iphoneos*]" = "iPhone Developer";
				COPY_PHASE_STRIP = NO;
				DEBUG_INFORMATION_FORMAT = dwarf;
				ENABLE_STRICT_OBJC_MSGSEND = YES;
				ENABLE_TESTABILITY = YES;
				GCC_C_LANGUAGE_STANDARD = gnu99;
				GCC_DYNAMIC_NO_PIC = NO;
				GCC_NO_COMMON_BLOCKS = YES;
				GCC_OPTIMIZATION_LEVEL = 0;
				GCC_PREPROCESSOR_DEFINITIONS = (
					"DEBUG=1",
					"$(inherited)",
				);
				GCC_WARN_64_TO_32_BIT_CONVERSION = YES;
				GCC_WARN_ABOUT_RETURN_TYPE = YES_ERROR;
				GCC_WARN_UNDECLARED_SELECTOR = YES;
				GCC_WARN_UNINITIALIZED_AUTOS = YES_AGGRESSIVE;
				GCC_WARN_UNUSED_FUNCTION = YES;
				GCC_WARN_UNUSED_VARIABLE = YES;
				IPHONEOS_DEPLOYMENT_TARGET = 9.3;
				MTL_ENABLE_DEBUG_INFO = YES;
				ONLY_ACTIVE_ARCH = YES;
				SDKROOT = iphoneos;
				TARGETED_DEVICE_FAMILY = "1,2";
			};
			name = Debug;
		};
		4075C83C1D7ACDF60088CAD4 /* Release */ = {
			isa = XCBuildConfiguration;
			buildSettings = {
				ALWAYS_SEARCH_USER_PATHS = NO;
				CLANG_ANALYZER_NONNULL = YES;
				CLANG_CXX_LANGUAGE_STANDARD = "gnu++0x";
				CLANG_CXX_LIBRARY = "libc++";
				CLANG_ENABLE_MODULES = YES;
				CLANG_ENABLE_OBJC_ARC = YES;
				CLANG_WARN_BOOL_CONVERSION = YES;
				CLANG_WARN_CONSTANT_CONVERSION = YES;
				CLANG_WARN_DIRECT_OBJC_ISA_USAGE = YES_ERROR;
				CLANG_WARN_EMPTY_BODY = YES;
				CLANG_WARN_ENUM_CONVERSION = YES;
				CLANG_WARN_INT_CONVERSION = YES;
				CLANG_WARN_OBJC_ROOT_CLASS = YES_ERROR;
				CLANG_WARN_UNREACHABLE_CODE = YES;
				CLANG_WARN__DUPLICATE_METHOD_MATCH = YES;
				"CODE_SIGN_IDENTITY[sdk=iphoneos*]" = "iPhone Developer";
				COPY_PHASE_STRIP = NO;
				DEBUG_INFORMATION_FORMAT = "dwarf-with-dsym";
				ENABLE_NS_ASSERTIONS = NO;
				ENABLE_STRICT_OBJC_MSGSEND = YES;
				GCC_C_LANGUAGE_STANDARD = gnu99;
				GCC_NO_COMMON_BLOCKS = YES;
				GCC_WARN_64_TO_32_BIT_CONVERSION = YES;
				GCC_WARN_ABOUT_RETURN_TYPE = YES_ERROR;
				GCC_WARN_UNDECLARED_SELECTOR = YES;
				GCC_WARN_UNINITIALIZED_AUTOS = YES_AGGRESSIVE;
				GCC_WARN_UNUSED_FUNCTION = YES;
				GCC_WARN_UNUSED_VARIABLE = YES;
				IPHONEOS_DEPLOYMENT_TARGET = 9.3;
				MTL_ENABLE_DEBUG_INFO = NO;
				SDKROOT = iphoneos;
				TARGETED_DEVICE_FAMILY = "1,2";
				VALIDATE_PRODUCT = YES;
			};
			name = Release;
		};
		4075C83E1D7ACDF60088CAD4 /* Debug */ = {
			isa = XCBuildConfiguration;
			buildSettings = {
				ASSETCATALOG_COMPILER_APPICON_NAME = AppIcon;
				INFOPLIST_FILE = collectionViewLayout/Info.plist;
				LD_RUNPATH_SEARCH_PATHS = "$(inherited) @executable_path/Frameworks";
				PRODUCT_BUNDLE_IDENTIFIER = com.popoteam.demo.collectionViewLayout;
				PRODUCT_NAME = "$(TARGET_NAME)";
			};
			name = Debug;
		};
		4075C83F1D7ACDF60088CAD4 /* Release */ = {
			isa = XCBuildConfiguration;
			buildSettings = {
				ASSETCATALOG_COMPILER_APPICON_NAME = AppIcon;
				INFOPLIST_FILE = collectionViewLayout/Info.plist;
				LD_RUNPATH_SEARCH_PATHS = "$(inherited) @executable_path/Frameworks";
				PRODUCT_BUNDLE_IDENTIFIER = com.popoteam.demo.collectionViewLayout;
				PRODUCT_NAME = "$(TARGET_NAME)";
			};
			name = Release;
		};
/* End XCBuildConfiguration section */

/* Begin XCConfigurationList section */
		4075C8211D7ACDF60088CAD4 /* Build configuration list for PBXProject "collectionViewLayout" */ = {
			isa = XCConfigurationList;
			buildConfigurations = (
				4075C83B1D7ACDF60088CAD4 /* Debug */,
				4075C83C1D7ACDF60088CAD4 /* Release */,
			);
			defaultConfigurationIsVisible = 0;
			defaultConfigurationName = Release;
		};
		4075C83D1D7ACDF60088CAD4 /* Build configuration list for PBXNativeTarget "collectionViewLayout" */ = {
			isa = XCConfigurationList;
			buildConfigurations = (
				4075C83E1D7ACDF60088CAD4 /* Debug */,
				4075C83F1D7ACDF60088CAD4 /* Release */,
			);
			defaultConfigurationIsVisible = 0;
		};
/* End XCConfigurationList section */
	};
	rootObject = 4075C81E1D7ACDF60088CAD4 /* Project object */;
}
